
Microsoft Visual Studio Solution File, Format Version 12.00
# Visual Studio Version 17
VisualStudioVersion = 17.1.32421.90
MinimumVisualStudioVersion = 10.0.40219.1
Project("{9A19103F-16F7-4668-BE54-9A1E7A4F7556}") = "LocalStorage", "LocalStorage\LocalStorage.csproj", "{D731D132-AAF2-4ACD-A233-005805F987B0}"
EndProject
Project("{FAE04EC0-301F-11D3-BF4B-00C04F79EFBC}") = "SessionStorage", "SessionStorage\SessionStorage.csproj", "{D58D0656-3372-48FD-8FA7-645100CF5078}"
EndProject
Global
	GlobalSection(SolutionConfigurationPlatforms) = preSolution
		Debug|Any CPU = Debug|Any CPU
		Release|Any CPU = Release|Any CPU
	EndGlobalSection
	GlobalSection(ProjectConfigurationPlatforms) = postSolution
		{D731D132-AAF2-4ACD-A233-005805F987B0}.Debug|Any CPU.ActiveCfg = Debug|Any CPU
		{D731D132-AAF2-4ACD-A233-005805F987B0}.Debug|Any CPU.Build.0 = Debug|Any CPU
		{D731D132-AAF2-4ACD-A233-005805F987B0}.Release|Any CPU.ActiveCfg = Release|Any CPU
		{D731D132-AAF2-4ACD-A233-005805F987B0}.Release|Any CPU.Build.0 = Release|Any CPU
		{D58D0656-3372-48FD-8FA7-645100CF5078}.Debug|Any CPU.ActiveCfg = Debug|Any CPU
		{D58D0656-3372-48FD-8FA7-645100CF5078}.Debug|Any CPU.Build.0 = Debug|Any CPU
		{D58D0656-3372-48FD-8FA7-645100CF5078}.Release|Any CPU.ActiveCfg = Release|Any CPU
		{D58D0656-3372-48FD-8FA7-645100CF5078}.Release|Any CPU.Build.0 = Release|Any CPU
	EndGlobalSection
	GlobalSection(SolutionProperties) = preSolution
		HideSolutionNode = FALSE
	EndGlobalSection
	GlobalSection(ExtensibilityGlobals) = postSolution
		SolutionGuid = {3495A515-10DA-4F31-9025-837F4F60A32F}
	EndGlobalSection
EndGlobal
